// !$*UTF8*$!
{
	archiveVersion = 1;
	classes = {
	};
	objectVersion = 50;
	objects = {

/* Begin PBXBuildFile section */
		740A3BD220A724BF00E684DF /* PJTools.swift in Sources */ = {isa = PBXBuildFile; fileRef = 740A3BD120A724BF00E684DF /* PJTools.swift */; };
		740A3BD520A7293400E684DF /* PJHomeCollectionView.swift in Sources */ = {isa = PBXBuildFile; fileRef = 740A3BD420A7293400E684DF /* PJHomeCollectionView.swift */; };
		740A3BD820A729C400E684DF /* PJHomeCollectionViewCell.swift in Sources */ = {isa = PBXBuildFile; fileRef = 740A3BD720A729C400E684DF /* PJHomeCollectionViewCell.swift */; };
		740A3BDA20A72E5100E684DF /* PJTools-UIView+Position.swift in Sources */ = {isa = PBXBuildFile; fileRef = 740A3BD920A72E5100E684DF /* PJTools-UIView+Position.swift */; };
		74A4065820A71AE10082DB57 /* AppDelegate.swift in Sources */ = {isa = PBXBuildFile; fileRef = 74A4065720A71AE10082DB57 /* AppDelegate.swift */; };
		74A4065A20A71AE10082DB57 /* HomeViewController.swift in Sources */ = {isa = PBXBuildFile; fileRef = 74A4065920A71AE10082DB57 /* HomeViewController.swift */; };
		74A4066020A71AE10082DB57 /* Bonfire.xcdatamodeld in Sources */ = {isa = PBXBuildFile; fileRef = 74A4065E20A71AE10082DB57 /* Bonfire.xcdatamodeld */; };
		74A4066220A71AE20082DB57 /* Assets.xcassets in Resources */ = {isa = PBXBuildFile; fileRef = 74A4066120A71AE20082DB57 /* Assets.xcassets */; };
		74A4066520A71AE20082DB57 /* LaunchScreen.storyboard in Resources */ = {isa = PBXBuildFile; fileRef = 74A4066320A71AE20082DB57 /* LaunchScreen.storyboard */; };
		74A4067020A71AE20082DB57 /* BonfireTests.swift in Sources */ = {isa = PBXBuildFile; fileRef = 74A4066F20A71AE20082DB57 /* BonfireTests.swift */; };
		74A4067B20A71AE20082DB57 /* BonfireUITests.swift in Sources */ = {isa = PBXBuildFile; fileRef = 74A4067A20A71AE20082DB57 /* BonfireUITests.swift */; };
/* End PBXBuildFile section */

/* Begin PBXContainerItemProxy section */
		74A4066C20A71AE20082DB57 /* PBXContainerItemProxy */ = {
			isa = PBXContainerItemProxy;
			containerPortal = 74A4064C20A71AE10082DB57 /* Project object */;
			proxyType = 1;
			remoteGlobalIDString = 74A4065320A71AE10082DB57;
			remoteInfo = Bonfire;
		};
		74A4067720A71AE20082DB57 /* PBXContainerItemProxy */ = {
			isa = PBXContainerItemProxy;
			containerPortal = 74A4064C20A71AE10082DB57 /* Project object */;
			proxyType = 1;
			remoteGlobalIDString = 74A4065320A71AE10082DB57;
			remoteInfo = Bonfire;
		};
/* End PBXContainerItemProxy section */

/* Begin PBXFileReference section */
		740A3BD120A724BF00E684DF /* PJTools.swift */ = {isa = PBXFileReference; lastKnownFileType = sourcecode.swift; path = PJTools.swift; sourceTree = "<group>"; };
		740A3BD420A7293400E684DF /* PJHomeCollectionView.swift */ = {isa = PBXFileReference; lastKnownFileType = sourcecode.swift; path = PJHomeCollectionView.swift; sourceTree = "<group>"; };
		740A3BD720A729C400E684DF /* PJHomeCollectionViewCell.swift */ = {isa = PBXFileReference; lastKnownFileType = sourcecode.swift; path = PJHomeCollectionViewCell.swift; sourceTree = "<group>"; };
		740A3BD920A72E5100E684DF /* PJTools-UIView+Position.swift */ = {isa = PBXFileReference; fileEncoding = 4; lastKnownFileType = sourcecode.swift; path = "PJTools-UIView+Position.swift"; sourceTree = "<group>"; };
		74A4065420A71AE10082DB57 /* Bonfire.app */ = {isa = PBXFileReference; explicitFileType = wrapper.application; includeInIndex = 0; path = Bonfire.app; sourceTree = BUILT_PRODUCTS_DIR; };
		74A4065720A71AE10082DB57 /* AppDelegate.swift */ = {isa = PBXFileReference; lastKnownFileType = sourcecode.swift; path = AppDelegate.swift; sourceTree = "<group>"; };
		74A4065920A71AE10082DB57 /* HomeViewController.swift */ = {isa = PBXFileReference; lastKnownFileType = sourcecode.swift; path = HomeViewController.swift; sourceTree = "<group>"; };
		74A4065F20A71AE10082DB57 /* Bonfire.xcdatamodel */ = {isa = PBXFileReference; lastKnownFileType = wrapper.xcdatamodel; path = Bonfire.xcdatamodel; sourceTree = "<group>"; };
		74A4066120A71AE20082DB57 /* Assets.xcassets */ = {isa = PBXFileReference; lastKnownFileType = folder.assetcatalog; path = Assets.xcassets; sourceTree = "<group>"; };
		74A4066420A71AE20082DB57 /* Base */ = {isa = PBXFileReference; lastKnownFileType = file.storyboard; name = Base; path = Base.lproj/LaunchScreen.storyboard; sourceTree = "<group>"; };
		74A4066620A71AE20082DB57 /* Info.plist */ = {isa = PBXFileReference; lastKnownFileType = text.plist.xml; path = Info.plist; sourceTree = "<group>"; };
		74A4066B20A71AE20082DB57 /* BonfireTests.xctest */ = {isa = PBXFileReference; explicitFileType = wrapper.cfbundle; includeInIndex = 0; path = BonfireTests.xctest; sourceTree = BUILT_PRODUCTS_DIR; };
		74A4066F20A71AE20082DB57 /* BonfireTests.swift */ = {isa = PBXFileReference; lastKnownFileType = sourcecode.swift; path = BonfireTests.swift; sourceTree = "<group>"; };
		74A4067120A71AE20082DB57 /* Info.plist */ = {isa = PBXFileReference; lastKnownFileType = text.plist.xml; path = Info.plist; sourceTree = "<group>"; };
		74A4067620A71AE20082DB57 /* BonfireUITests.xctest */ = {isa = PBXFileReference; explicitFileType = wrapper.cfbundle; includeInIndex = 0; path = BonfireUITests.xctest; sourceTree = BUILT_PRODUCTS_DIR; };
		74A4067A20A71AE20082DB57 /* BonfireUITests.swift */ = {isa = PBXFileReference; lastKnownFileType = sourcecode.swift; path = BonfireUITests.swift; sourceTree = "<group>"; };
		74A4067C20A71AE20082DB57 /* Info.plist */ = {isa = PBXFileReference; lastKnownFileType = text.plist.xml; path = Info.plist; sourceTree = "<group>"; };
/* End PBXFileReference section */

/* Begin PBXFrameworksBuildPhase section */
		74A4065120A71AE10082DB57 /* Frameworks */ = {
			isa = PBXFrameworksBuildPhase;
			buildActionMask = 2147483647;
			files = (
			);
			runOnlyForDeploymentPostprocessing = 0;
		};
		74A4066820A71AE20082DB57 /* Frameworks */ = {
			isa = PBXFrameworksBuildPhase;
			buildActionMask = 2147483647;
			files = (
			);
			runOnlyForDeploymentPostprocessing = 0;
		};
		74A4067320A71AE20082DB57 /* Frameworks */ = {
			isa = PBXFrameworksBuildPhase;
			buildActionMask = 2147483647;
			files = (
			);
			runOnlyForDeploymentPostprocessing = 0;
		};
/* End PBXFrameworksBuildPhase section */

/* Begin PBXGroup section */
		740A3BD020A724A900E684DF /* Ability */ = {
			isa = PBXGroup;
			children = (
				740A3BD920A72E5100E684DF /* PJTools-UIView+Position.swift */,
				740A3BD120A724BF00E684DF /* PJTools.swift */,
			);
			path = Ability;
			sourceTree = "<group>";
		};
		740A3BD320A7290B00E684DF /* Home */ = {
			isa = PBXGroup;
			children = (
				740A3BD620A7293800E684DF /* CollectionView */,
				74A4065920A71AE10082DB57 /* HomeViewController.swift */,
			);
			path = Home;
			sourceTree = "<group>";
		};
		740A3BD620A7293800E684DF /* CollectionView */ = {
			isa = PBXGroup;
			children = (
				740A3BD420A7293400E684DF /* PJHomeCollectionView.swift */,
				740A3BD720A729C400E684DF /* PJHomeCollectionViewCell.swift */,
			);
			path = CollectionView;
			sourceTree = "<group>";
		};
		74A4064B20A71AE10082DB57 = {
			isa = PBXGroup;
			children = (
				74A4065620A71AE10082DB57 /* Bonfire */,
				74A4066E20A71AE20082DB57 /* BonfireTests */,
				74A4067920A71AE20082DB57 /* BonfireUITests */,
				74A4065520A71AE10082DB57 /* Products */,
			);
			sourceTree = "<group>";
		};
		74A4065520A71AE10082DB57 /* Products */ = {
			isa = PBXGroup;
			children = (
				74A4065420A71AE10082DB57 /* Bonfire.app */,
				74A4066B20A71AE20082DB57 /* BonfireTests.xctest */,
				74A4067620A71AE20082DB57 /* BonfireUITests.xctest */,
			);
			name = Products;
			sourceTree = "<group>";
		};
		74A4065620A71AE10082DB57 /* Bonfire */ = {
			isa = PBXGroup;
			children = (
				740A3BD020A724A900E684DF /* Ability */,
				74A4065720A71AE10082DB57 /* AppDelegate.swift */,
				740A3BD320A7290B00E684DF /* Home */,
				74A4066120A71AE20082DB57 /* Assets.xcassets */,
				74A4066320A71AE20082DB57 /* LaunchScreen.storyboard */,
				74A4066620A71AE20082DB57 /* Info.plist */,
				74A4065E20A71AE10082DB57 /* Bonfire.xcdatamodeld */,
			);
			path = Bonfire;
			sourceTree = "<group>";
		};
		74A4066E20A71AE20082DB57 /* BonfireTests */ = {
			isa = PBXGroup;
			children = (
				74A4066F20A71AE20082DB57 /* BonfireTests.swift */,
				74A4067120A71AE20082DB57 /* Info.plist */,
			);
			path = BonfireTests;
			sourceTree = "<group>";
		};
		74A4067920A71AE20082DB57 /* BonfireUITests */ = {
			isa = PBXGroup;
			children = (
				74A4067A20A71AE20082DB57 /* BonfireUITests.swift */,
				74A4067C20A71AE20082DB57 /* Info.plist */,
			);
			path = BonfireUITests;
			sourceTree = "<group>";
		};
/* End PBXGroup section */

/* Begin PBXNativeTarget section */
		74A4065320A71AE10082DB57 /* Bonfire */ = {
			isa = PBXNativeTarget;
			buildConfigurationList = 74A4067F20A71AE20082DB57 /* Build configuration list for PBXNativeTarget "Bonfire" */;
			buildPhases = (
				74A4065020A71AE10082DB57 /* Sources */,
				74A4065120A71AE10082DB57 /* Frameworks */,
				74A4065220A71AE10082DB57 /* Resources */,
			);
			buildRules = (
			);
			dependencies = (
			);
			name = Bonfire;
			productName = Bonfire;
			productReference = 74A4065420A71AE10082DB57 /* Bonfire.app */;
			productType = "com.apple.product-type.application";
		};
		74A4066A20A71AE20082DB57 /* BonfireTests */ = {
			isa = PBXNativeTarget;
			buildConfigurationList = 74A4068220A71AE20082DB57 /* Build configuration list for PBXNativeTarget "BonfireTests" */;
			buildPhases = (
				74A4066720A71AE20082DB57 /* Sources */,
				74A4066820A71AE20082DB57 /* Frameworks */,
				74A4066920A71AE20082DB57 /* Resources */,
			);
			buildRules = (
			);
			dependencies = (
				74A4066D20A71AE20082DB57 /* PBXTargetDependency */,
			);
			name = BonfireTests;
			productName = BonfireTests;
			productReference = 74A4066B20A71AE20082DB57 /* BonfireTests.xctest */;
			productType = "com.apple.product-type.bundle.unit-test";
		};
		74A4067520A71AE20082DB57 /* BonfireUITests */ = {
			isa = PBXNativeTarget;
			buildConfigurationList = 74A4068520A71AE20082DB57 /* Build configuration list for PBXNativeTarget "BonfireUITests" */;
			buildPhases = (
				74A4067220A71AE20082DB57 /* Sources */,
				74A4067320A71AE20082DB57 /* Frameworks */,
				74A4067420A71AE20082DB57 /* Resources */,
			);
			buildRules = (
			);
			dependencies = (
				74A4067820A71AE20082DB57 /* PBXTargetDependency */,
			);
			name = BonfireUITests;
			productName = BonfireUITests;
			productReference = 74A4067620A71AE20082DB57 /* BonfireUITests.xctest */;
			productType = "com.apple.product-type.bundle.ui-testing";
		};
/* End PBXNativeTarget section */

/* Begin PBXProject section */
		74A4064C20A71AE10082DB57 /* Project object */ = {
			isa = PBXProject;
			attributes = {
				LastSwiftUpdateCheck = 0930;
				LastUpgradeCheck = 0930;
				ORGANIZATIONNAME = "#incloud";
				TargetAttributes = {
					74A4065320A71AE10082DB57 = {
						CreatedOnToolsVersion = 9.3;
					};
					74A4066A20A71AE20082DB57 = {
						CreatedOnToolsVersion = 9.3;
						TestTargetID = 74A4065320A71AE10082DB57;
					};
					74A4067520A71AE20082DB57 = {
						CreatedOnToolsVersion = 9.3;
						TestTargetID = 74A4065320A71AE10082DB57;
					};
				};
			};
			buildConfigurationList = 74A4064F20A71AE10082DB57 /* Build configuration list for PBXProject "Bonfire" */;
			compatibilityVersion = "Xcode 9.3";
			developmentRegion = en;
			hasScannedForEncodings = 0;
			knownRegions = (
				en,
				Base,
			);
			mainGroup = 74A4064B20A71AE10082DB57;
			productRefGroup = 74A4065520A71AE10082DB57 /* Products */;
			projectDirPath = "";
			projectRoot = "";
			targets = (
				74A4065320A71AE10082DB57 /* Bonfire */,
				74A4066A20A71AE20082DB57 /* BonfireTests */,
				74A4067520A71AE20082DB57 /* BonfireUITests */,
			);
		};
/* End PBXProject section */

/* Begin PBXResourcesBuildPhase section */
		74A4065220A71AE10082DB57 /* Resources */ = {
			isa = PBXResourcesBuildPhase;
			buildActionMask = 2147483647;
			files = (
				74A4066520A71AE20082DB57 /* LaunchScreen.storyboard in Resources */,
				74A4066220A71AE20082DB57 /* Assets.xcassets in Resources */,
			);
			runOnlyForDeploymentPostprocessing = 0;
		};
		74A4066920A71AE20082DB57 /* Resources */ = {
			isa = PBXResourcesBuildPhase;
			buildActionMask = 2147483647;
			files = (
			);
			runOnlyForDeploymentPostprocessing = 0;
		};
		74A4067420A71AE20082DB57 /* Resources */ = {
			isa = PBXResourcesBuildPhase;
			buildActionMask = 2147483647;
			files = (
			);
			runOnlyForDeploymentPostprocessing = 0;
		};
/* End PBXResourcesBuildPhase section */

/* Begin PBXSourcesBuildPhase section */
		74A4065020A71AE10082DB57 /* Sources */ = {
			isa = PBXSourcesBuildPhase;
			buildActionMask = 2147483647;
			files = (
				74A4065A20A71AE10082DB57 /* HomeViewController.swift in Sources */,
				740A3BD820A729C400E684DF /* PJHomeCollectionViewCell.swift in Sources */,
				740A3BDA20A72E5100E684DF /* PJTools-UIView+Position.swift in Sources */,
				74A4066020A71AE10082DB57 /* Bonfire.xcdatamodeld in Sources */,
				74A4065820A71AE10082DB57 /* AppDelegate.swift in Sources */,
				740A3BD220A724BF00E684DF /* PJTools.swift in Sources */,
				740A3BD520A7293400E684DF /* PJHomeCollectionView.swift in Sources */,
			);
			runOnlyForDeploymentPostprocessing = 0;
		};
		74A4066720A71AE20082DB57 /* Sources */ = {
			isa = PBXSourcesBuildPhase;
			buildActionMask = 2147483647;
			files = (
				74A4067020A71AE20082DB57 /* BonfireTests.swift in Sources */,
			);
			runOnlyForDeploymentPostprocessing = 0;
		};
		74A4067220A71AE20082DB57 /* Sources */ = {
			isa = PBXSourcesBuildPhase;
			buildActionMask = 2147483647;
			files = (
				74A4067B20A71AE20082DB57 /* BonfireUITests.swift in Sources */,
			);
			runOnlyForDeploymentPostprocessing = 0;
		};
/* End PBXSourcesBuildPhase section */

/* Begin PBXTargetDependency section */
		74A4066D20A71AE20082DB57 /* PBXTargetDependency */ = {
			isa = PBXTargetDependency;
			target = 74A4065320A71AE10082DB57 /* Bonfire */;
			targetProxy = 74A4066C20A71AE20082DB57 /* PBXContainerItemProxy */;
		};
		74A4067820A71AE20082DB57 /* PBXTargetDependency */ = {
			isa = PBXTargetDependency;
			target = 74A4065320A71AE10082DB57 /* Bonfire */;
			targetProxy = 74A4067720A71AE20082DB57 /* PBXContainerItemProxy */;
		};
/* End PBXTargetDependency section */

/* Begin PBXVariantGroup section */
		74A4066320A71AE20082DB57 /* LaunchScreen.storyboard */ = {
			isa = PBXVariantGroup;
			children = (
				74A4066420A71AE20082DB57 /* Base */,
			);
			name = LaunchScreen.storyboard;
			sourceTree = "<group>";
		};
/* End PBXVariantGroup section */

/* Begin XCBuildConfiguration section */
		74A4067D20A71AE20082DB57 /* Debug */ = {
			isa = XCBuildConfiguration;
			buildSettings = {
				ALWAYS_SEARCH_USER_PATHS = NO;
				CLANG_ANALYZER_NONNULL = YES;
				CLANG_ANALYZER_NUMBER_OBJECT_CONVERSION = YES_AGGRESSIVE;
				CLANG_CXX_LANGUAGE_STANDARD = "gnu++14";
				CLANG_CXX_LIBRARY = "libc++";
				CLANG_ENABLE_MODULES = YES;
				CLANG_ENABLE_OBJC_ARC = YES;
				CLANG_ENABLE_OBJC_WEAK = YES;
				CLANG_WARN_BLOCK_CAPTURE_AUTORELEASING = YES;
				CLANG_WARN_BOOL_CONVERSION = YES;
				CLANG_WARN_COMMA = YES;
				CLANG_WARN_CONSTANT_CONVERSION = YES;
				CLANG_WARN_DEPRECATED_OBJC_IMPLEMENTATIONS = YES;
				CLANG_WARN_DIRECT_OBJC_ISA_USAGE = YES_ERROR;
				CLANG_WARN_DOCUMENTATION_COMMENTS = YES;
				CLANG_WARN_EMPTY_BODY = YES;
				CLANG_WARN_ENUM_CONVERSION = YES;
				CLANG_WARN_INFINITE_RECURSION = YES;
				CLANG_WARN_INT_CONVERSION = YES;
				CLANG_WARN_NON_LITERAL_NULL_CONVERSION = YES;
				CLANG_WARN_OBJC_IMPLICIT_RETAIN_SELF = YES;
				CLANG_WARN_OBJC_LITERAL_CONVERSION = YES;
				CLANG_WARN_OBJC_ROOT_CLASS = YES_ERROR;
				CLANG_WARN_RANGE_LOOP_ANALYSIS = YES;
				CLANG_WARN_STRICT_PROTOTYPES = YES;
				CLANG_WARN_SUSPICIOUS_MOVE = YES;
				CLANG_WARN_UNGUARDED_AVAILABILITY = YES_AGGRESSIVE;
				CLANG_WARN_UNREACHABLE_CODE = YES;
				CLANG_WARN__DUPLICATE_METHOD_MATCH = YES;
				CODE_SIGN_IDENTITY = "iPhone Developer";
				COPY_PHASE_STRIP = NO;
				DEBUG_INFORMATION_FORMAT = dwarf;
				ENABLE_STRICT_OBJC_MSGSEND = YES;
				ENABLE_TESTABILITY = YES;
				GCC_C_LANGUAGE_STANDARD = gnu11;
				GCC_DYNAMIC_NO_PIC = NO;
				GCC_NO_COMMON_BLOCKS = YES;
				GCC_OPTIMIZATION_LEVEL = 0;
				GCC_PREPROCESSOR_DEFINITIONS = (
					"DEBUG=1",
					"$(inherited)",
				);
				GCC_WARN_64_TO_32_BIT_CONVERSION = YES;
				GCC_WARN_ABOUT_RETURN_TYPE = YES_ERROR;
				GCC_WARN_UNDECLARED_SELECTOR = YES;
				GCC_WARN_UNINITIALIZED_AUTOS = YES_AGGRESSIVE;
				GCC_WARN_UNUSED_FUNCTION = YES;
				GCC_WARN_UNUSED_VARIABLE = YES;
				IPHONEOS_DEPLOYMENT_TARGET = 11.3;
				MTL_ENABLE_DEBUG_INFO = YES;
				ONLY_ACTIVE_ARCH = YES;
				SDKROOT = iphoneos;
				SWIFT_ACTIVE_COMPILATION_CONDITIONS = DEBUG;
				SWIFT_OPTIMIZATION_LEVEL = "-Onone";
			};
			name = Debug;
		};
		74A4067E20A71AE20082DB57 /* Release */ = {
			isa = XCBuildConfiguration;
			buildSettings = {
				ALWAYS_SEARCH_USER_PATHS = NO;
				CLANG_ANALYZER_NONNULL = YES;
				CLANG_ANALYZER_NUMBER_OBJECT_CONVERSION = YES_AGGRESSIVE;
				CLANG_CXX_LANGUAGE_STANDARD = "gnu++14";
				CLANG_CXX_LIBRARY = "libc++";
				CLANG_ENABLE_MODULES = YES;
				CLANG_ENABLE_OBJC_ARC = YES;
				CLANG_ENABLE_OBJC_WEAK = YES;
				CLANG_WARN_BLOCK_CAPTURE_AUTORELEASING = YES;
				CLANG_WARN_BOOL_CONVERSION = YES;
				CLANG_WARN_COMMA = YES;
				CLANG_WARN_CONSTANT_CONVERSION = YES;
				CLANG_WARN_DEPRECATED_OBJC_IMPLEMENTATIONS = YES;
				CLANG_WARN_DIRECT_OBJC_ISA_USAGE = YES_ERROR;
				CLANG_WARN_DOCUMENTATION_COMMENTS = YES;
				CLANG_WARN_EMPTY_BODY = YES;
				CLANG_WARN_ENUM_CONVERSION = YES;
				CLANG_WARN_INFINITE_RECURSION = YES;
				CLANG_WARN_INT_CONVERSION = YES;
				CLANG_WARN_NON_LITERAL_NULL_CONVERSION = YES;
				CLANG_WARN_OBJC_IMPLICIT_RETAIN_SELF = YES;
				CLANG_WARN_OBJC_LITERAL_CONVERSION = YES;
				CLANG_WARN_OBJC_ROOT_CLASS = YES_ERROR;
				CLANG_WARN_RANGE_LOOP_ANALYSIS = YES;
				CLANG_WARN_STRICT_PROTOTYPES = YES;
				CLANG_WARN_SUSPICIOUS_MOVE = YES;
				CLANG_WARN_UNGUARDED_AVAILABILITY = YES_AGGRESSIVE;
				CLANG_WARN_UNREACHABLE_CODE = YES;
				CLANG_WARN__DUPLICATE_METHOD_MATCH = YES;
				CODE_SIGN_IDENTITY = "iPhone Developer";
				COPY_PHASE_STRIP = NO;
				DEBUG_INFORMATION_FORMAT = "dwarf-with-dsym";
				ENABLE_NS_ASSERTIONS = NO;
				ENABLE_STRICT_OBJC_MSGSEND = YES;
				GCC_C_LANGUAGE_STANDARD = gnu11;
				GCC_NO_COMMON_BLOCKS = YES;
				GCC_WARN_64_TO_32_BIT_CONVERSION = YES;
				GCC_WARN_ABOUT_RETURN_TYPE = YES_ERROR;
				GCC_WARN_UNDECLARED_SELECTOR = YES;
				GCC_WARN_UNINITIALIZED_AUTOS = YES_AGGRESSIVE;
				GCC_WARN_UNUSED_FUNCTION = YES;
				GCC_WARN_UNUSED_VARIABLE = YES;
				IPHONEOS_DEPLOYMENT_TARGET = 11.3;
				MTL_ENABLE_DEBUG_INFO = NO;
				SDKROOT = iphoneos;
				SWIFT_COMPILATION_MODE = wholemodule;
				SWIFT_OPTIMIZATION_LEVEL = "-O";
				VALIDATE_PRODUCT = YES;
			};
			name = Release;
		};
		74A4068020A71AE20082DB57 /* Debug */ = {
			isa = XCBuildConfiguration;
			buildSettings = {
				ASSETCATALOG_COMPILER_APPICON_NAME = AppIcon;
				CODE_SIGN_STYLE = Automatic;
				DEVELOPMENT_TEAM = U6J5965DZK;
				INFOPLIST_FILE = Bonfire/Info.plist;
				IPHONEOS_DEPLOYMENT_TARGET = 11.0;
				LD_RUNPATH_SEARCH_PATHS = (
					"$(inherited)",
					"@executable_path/Frameworks",
				);
				PRODUCT_BUNDLE_IDENTIFIER = pjhubs.Bonfire;
				PRODUCT_NAME = "$(TARGET_NAME)";
				SWIFT_VERSION = 4.0;
				TARGETED_DEVICE_FAMILY = 1;
			};
			name = Debug;
		};
		74A4068120A71AE20082DB57 /* Release */ = {
			isa = XCBuildConfiguration;
			buildSettings = {
				ASSETCATALOG_COMPILER_APPICON_NAME = AppIcon;
				CODE_SIGN_STYLE = Automatic;
				DEVELOPMENT_TEAM = U6J5965DZK;
				INFOPLIST_FILE = Bonfire/Info.plist;
				IPHONEOS_DEPLOYMENT_TARGET = 11.0;
				LD_RUNPATH_SEARCH_PATHS = (
					"$(inherited)",
					"@executable_path/Frameworks",
				);
				PRODUCT_BUNDLE_IDENTIFIER = pjhubs.Bonfire;
				PRODUCT_NAME = "$(TARGET_NAME)";
				SWIFT_VERSION = 4.0;
				TARGETED_DEVICE_FAMILY = 1;
			};
			name = Release;
		};
		74A4068320A71AE20082DB57 /* Debug */ = {
			isa = XCBuildConfiguration;
			buildSettings = {
				ALWAYS_EMBED_SWIFT_STANDARD_LIBRARIES = YES;
				BUNDLE_LOADER = "$(TEST_HOST)";
				CODE_SIGN_STYLE = Automatic;
				DEVELOPMENT_TEAM = U6J5965DZK;
				INFOPLIST_FILE = BonfireTests/Info.plist;
				LD_RUNPATH_SEARCH_PATHS = (
					"$(inherited)",
					"@executable_path/Frameworks",
					"@loader_path/Frameworks",
				);
				PRODUCT_BUNDLE_IDENTIFIER = pjhubs.BonfireTests;
				PRODUCT_NAME = "$(TARGET_NAME)";
				SWIFT_VERSION = 4.0;
				TARGETED_DEVICE_FAMILY = "1,2";
				TEST_HOST = "$(BUILT_PRODUCTS_DIR)/Bonfire.app/Bonfire";
			};
			name = Debug;
		};
		74A4068420A71AE20082DB57 /* Release */ = {
			isa = XCBuildConfiguration;
			buildSettings = {
				ALWAYS_EMBED_SWIFT_STANDARD_LIBRARIES = YES;
				BUNDLE_LOADER = "$(TEST_HOST)";
				CODE_SIGN_STYLE = Automatic;
				DEVELOPMENT_TEAM = U6J5965DZK;
				INFOPLIST_FILE = BonfireTests/Info.plist;
				LD_RUNPATH_SEARCH_PATHS = (
					"$(inherited)",
					"@executable_path/Frameworks",
					"@loader_path/Frameworks",
				);
				PRODUCT_BUNDLE_IDENTIFIER = pjhubs.BonfireTests;
				PRODUCT_NAME = "$(TARGET_NAME)";
				SWIFT_VERSION = 4.0;
				TARGETED_DEVICE_FAMILY = "1,2";
				TEST_HOST = "$(BUILT_PRODUCTS_DIR)/Bonfire.app/Bonfire";
			};
			name = Release;
		};
		74A4068620A71AE20082DB57 /* Debug */ = {
			isa = XCBuildConfiguration;
			buildSettings = {
				ALWAYS_EMBED_SWIFT_STANDARD_LIBRARIES = YES;
				CODE_SIGN_STYLE = Automatic;
				DEVELOPMENT_TEAM = U6J5965DZK;
				INFOPLIST_FILE = BonfireUITests/Info.plist;
				LD_RUNPATH_SEARCH_PATHS = (
					"$(inherited)",
					"@executable_path/Frameworks",
					"@loader_path/Frameworks",
				);
				PRODUCT_BUNDLE_IDENTIFIER = pjhubs.BonfireUITests;
				PRODUCT_NAME = "$(TARGET_NAME)";
				SWIFT_VERSION = 4.0;
				TARGETED_DEVICE_FAMILY = "1,2";
				TEST_TARGET_NAME = Bonfire;
			};
			name = Debug;
		};
		74A4068720A71AE20082DB57 /* Release */ = {
			isa = XCBuildConfiguration;
			buildSettings = {
				ALWAYS_EMBED_SWIFT_STANDARD_LIBRARIES = YES;
				CODE_SIGN_STYLE = Automatic;
				DEVELOPMENT_TEAM = U6J5965DZK;
				INFOPLIST_FILE = BonfireUITests/Info.plist;
				LD_RUNPATH_SEARCH_PATHS = (
					"$(inherited)",
					"@executable_path/Frameworks",
					"@loader_path/Frameworks",
				);
				PRODUCT_BUNDLE_IDENTIFIER = pjhubs.BonfireUITests;
				PRODUCT_NAME = "$(TARGET_NAME)";
				SWIFT_VERSION = 4.0;
				TARGETED_DEVICE_FAMILY = "1,2";
				TEST_TARGET_NAME = Bonfire;
			};
			name = Release;
		};
/* End XCBuildConfiguration section */

/* Begin XCConfigurationList section */
		74A4064F20A71AE10082DB57 /* Build configuration list for PBXProject "Bonfire" */ = {
			isa = XCConfigurationList;
			buildConfigurations = (
				74A4067D20A71AE20082DB57 /* Debug */,
				74A4067E20A71AE20082DB57 /* Release */,
			);
			defaultConfigurationIsVisible = 0;
			defaultConfigurationName = Release;
		};
		74A4067F20A71AE20082DB57 /* Build configuration list for PBXNativeTarget "Bonfire" */ = {
			isa = XCConfigurationList;
			buildConfigurations = (
				74A4068020A71AE20082DB57 /* Debug */,
				74A4068120A71AE20082DB57 /* Release */,
			);
			defaultConfigurationIsVisible = 0;
			defaultConfigurationName = Release;
		};
		74A4068220A71AE20082DB57 /* Build configuration list for PBXNativeTarget "BonfireTests" */ = {
			isa = XCConfigurationList;
			buildConfigurations = (
				74A4068320A71AE20082DB57 /* Debug */,
				74A4068420A71AE20082DB57 /* Release */,
			);
			defaultConfigurationIsVisible = 0;
			defaultConfigurationName = Release;
		};
		74A4068520A71AE20082DB57 /* Build configuration list for PBXNativeTarget "BonfireUITests" */ = {
			isa = XCConfigurationList;
			buildConfigurations = (
				74A4068620A71AE20082DB57 /* Debug */,
				74A4068720A71AE20082DB57 /* Release */,
			);
			defaultConfigurationIsVisible = 0;
			defaultConfigurationName = Release;
		};
/* End XCConfigurationList section */

/* Begin XCVersionGroup section */
		74A4065E20A71AE10082DB57 /* Bonfire.xcdatamodeld */ = {
			isa = XCVersionGroup;
			children = (
				74A4065F20A71AE10082DB57 /* Bonfire.xcdatamodel */,
			);
			currentVersion = 74A4065F20A71AE10082DB57 /* Bonfire.xcdatamodel */;
			path = Bonfire.xcdatamodeld;
			sourceTree = "<group>";
			versionGroupType = wrapper.xcdatamodel;
		};
/* End XCVersionGroup section */
	};
	rootObject = 74A4064C20A71AE10082DB57 /* Project object */;
}
